
Microsoft Visual Studio Solution File, Format Version 12.00
# Visual Studio Version 16
VisualStudioVersion = 16.0.30320.27
MinimumVisualStudioVersion = 10.0.40219.1
Project("{FAE04EC0-301F-11D3-BF4B-00C04F79EFBC}") = "Design Pattern", "Design Pattern\Design Pattern.csproj", "{065CCA4E-16DB-4F30-89DD-8A005CA6AD2B}"
EndProject
Global
	GlobalSection(SolutionConfigurationPlatforms) = preSolution
		Debug|Any CPU = Debug|Any CPU
		Release|Any CPU = Release|Any CPU
	EndGlobalSection
	GlobalSection(ProjectConfigurationPlatforms) = postSolution
		{065CCA4E-16DB-4F30-89DD-8A005CA6AD2B}.Debug|Any CPU.ActiveCfg = Debug|Any CPU
		{065CCA4E-16DB-4F30-89DD-8A005CA6AD2B}.Debug|Any CPU.Build.0 = Debug|Any CPU
		{065CCA4E-16DB-4F30-89DD-8A005CA6AD2B}.Release|Any CPU.ActiveCfg = Release|Any CPU
		{065CCA4E-16DB-4F30-89DD-8A005CA6AD2B}.Release|Any CPU.Build.0 = Release|Any CPU
	EndGlobalSection
	GlobalSection(SolutionProperties) = preSolution
		HideSolutionNode = FALSE
	EndGlobalSection
	GlobalSection(ExtensibilityGlobals) = postSolution
		SolutionGuid = {52B7FB8D-EC63-4D3E-8EE8-C747DBCC4A5B}
	EndGlobalSection
EndGlobal
